
Microsoft Visual Studio Solution File, Format Version 12.00
# Visual Studio Version 16
VisualStudioVersion = 16.0.30804.86
MinimumVisualStudioVersion = 10.0.40219.1
Project("{8BC9CEB8-8B4A-11D0-8D11-00A0C91BC942}") = "Snake", "Snake\Snake.vcxproj", "{8B23BA0A-B3C8-489D-B3C5-9BD964410F94}"
EndProject
Global
	GlobalSection(SolutionConfigurationPlatforms) = preSolution
		Debug|x64 = Debug|x64
		Debug|x86 = Debug|x86
		Release|x64 = Release|x64
		Release|x86 = Release|x86
	EndGlobalSection
	GlobalSection(ProjectConfigurationPlatforms) = postSolution
		{8B23BA0A-B3C8-489D-B3C5-9BD964410F94}.Debug|x64.ActiveCfg = Debug|x64
		{8B23BA0A-B3C8-489D-B3C5-9BD964410F94}.Debug|x64.Build.0 = Debug|x64
		{8B23BA0A-B3C8-489D-B3C5-9BD964410F94}.Debug|x86.ActiveCfg = Debug|Win32
		{8B23BA0A-B3C8-489D-B3C5-9BD964410F94}.Debug|x86.Build.0 = Debug|Win32
		{8B23BA0A-B3C8-489D-B3C5-9BD964410F94}.Release|x64.ActiveCfg = Release|x64
		{8B23BA0A-B3C8-489D-B3C5-9BD964410F94}.Release|x64.Build.0 = Release|x64
		{8B23BA0A-B3C8-489D-B3C5-9BD964410F94}.Release|x86.ActiveCfg = Release|Win32
		{8B23BA0A-B3C8-489D-B3C5-9BD964410F94}.Release|x86.Build.0 = Release|Win32
	EndGlobalSection
	GlobalSection(SolutionProperties) = preSolution
		HideSolutionNode = FALSE
	EndGlobalSection
	GlobalSection(ExtensibilityGlobals) = postSolution
		SolutionGuid = {8C66CDA9-88A0-41E3-A7CC-6696C7BCA8AF}
	EndGlobalSection
EndGlobal
